
Microsoft Visual Studio Solution File, Format Version 11.00
# Visual C# Express 2010
Project("{FAE04EC0-301F-11D3-BF4B-00C04F79EFBC}") = "Exercise 2", "WindowsGame1\WindowsGame1\Exercise 2.csproj", "{CFAD2407-30D6-4D2F-BB8F-5921E31FDA63}"
EndProject
Project("{FAE04EC0-301F-11D3-BF4B-00C04F79EFBC}") = "Exercise2Content", "WindowsGame1\WindowsGame1Content\Exercise2Content.contentproj", "{493BD973-C940-44AF-A3CC-564C67050CC3}"
EndProject
Global
	GlobalSection(SolutionConfigurationPlatforms) = preSolution
		Debug|x86 = Debug|x86
		Release|x86 = Release|x86
	EndGlobalSection
	GlobalSection(ProjectConfigurationPlatforms) = postSolution
		{CFAD2407-30D6-4D2F-BB8F-5921E31FDA63}.Debug|x86.ActiveCfg = Debug|x86
		{CFAD2407-30D6-4D2F-BB8F-5921E31FDA63}.Debug|x86.Build.0 = Debug|x86
		{CFAD2407-30D6-4D2F-BB8F-5921E31FDA63}.Release|x86.ActiveCfg = Release|x86
		{CFAD2407-30D6-4D2F-BB8F-5921E31FDA63}.Release|x86.Build.0 = Release|x86
		{493BD973-C940-44AF-A3CC-564C67050CC3}.Debug|x86.ActiveCfg = Debug|x86
		{493BD973-C940-44AF-A3CC-564C67050CC3}.Release|x86.ActiveCfg = Release|x86
	EndGlobalSection
	GlobalSection(SolutionProperties) = preSolution
		HideSolutionNode = FALSE
	EndGlobalSection
EndGlobal
