
Microsoft Visual Studio Solution File, Format Version 11.00
# Visual Studio 2010
Project("{FAE04EC0-301F-11D3-BF4B-00C04F79EFBC}") = "Task1", "Task1\Task1.csproj", "{41042519-26FD-413A-920A-B6E7808B8D23}"
EndProject
Project("{FAE04EC0-301F-11D3-BF4B-00C04F79EFBC}") = "Content", "Exercise1Content\Content.contentproj", "{6363697A-2467-41AA-B47B-11EE1C7C019C}"
EndProject
Project("{FAE04EC0-301F-11D3-BF4B-00C04F79EFBC}") = "Task2", "Task2\Task2.csproj", "{6BF96214-080B-4E4B-9380-3C216AC2EF2D}"
EndProject
Project("{FAE04EC0-301F-11D3-BF4B-00C04F79EFBC}") = "Task3", "Task3\Task3.csproj", "{90509BBE-CE8A-416D-B294-D71E625661BF}"
EndProject
Project("{FAE04EC0-301F-11D3-BF4B-00C04F79EFBC}") = "Task4", "Task4\Task4.csproj", "{721649AA-036D-42F0-8816-BF4C07A9E5B5}"
EndProject
Project("{FAE04EC0-301F-11D3-BF4B-00C04F79EFBC}") = "PongContent", "PongContent\PongContent.contentproj", "{35FFDCE7-1C00-4E4C-8FC4-BD7A1BD229A6}"
EndProject
Project("{96E2B04D-8817-42C6-938A-82C39BA4D311}") = "Content2", "Content2\Content2.contentproj", "{35269662-6235-4546-88CD-07D554A43E55}"
EndProject
Project("{96E2B04D-8817-42C6-938A-82C39BA4D311}") = "Content3", "Content3\Content3.contentproj", "{85804029-0EBB-4D62-8E8E-F3979A7596D2}"
EndProject
Global
	GlobalSection(SolutionConfigurationPlatforms) = preSolution
		Debug|Any CPU = Debug|Any CPU
		Debug|x86 = Debug|x86
		Release|Any CPU = Release|Any CPU
		Release|x86 = Release|x86
	EndGlobalSection
	GlobalSection(ProjectConfigurationPlatforms) = postSolution
		{41042519-26FD-413A-920A-B6E7808B8D23}.Debug|Any CPU.ActiveCfg = Debug|x86
		{41042519-26FD-413A-920A-B6E7808B8D23}.Debug|x86.ActiveCfg = Debug|x86
		{41042519-26FD-413A-920A-B6E7808B8D23}.Debug|x86.Build.0 = Debug|x86
		{41042519-26FD-413A-920A-B6E7808B8D23}.Release|Any CPU.ActiveCfg = Release|x86
		{41042519-26FD-413A-920A-B6E7808B8D23}.Release|x86.ActiveCfg = Release|x86
		{41042519-26FD-413A-920A-B6E7808B8D23}.Release|x86.Build.0 = Release|x86
		{6363697A-2467-41AA-B47B-11EE1C7C019C}.Debug|Any CPU.ActiveCfg = Debug|x86
		{6363697A-2467-41AA-B47B-11EE1C7C019C}.Debug|x86.ActiveCfg = Debug|x86
		{6363697A-2467-41AA-B47B-11EE1C7C019C}.Release|Any CPU.ActiveCfg = Release|x86
		{6363697A-2467-41AA-B47B-11EE1C7C019C}.Release|x86.ActiveCfg = Release|x86
		{6BF96214-080B-4E4B-9380-3C216AC2EF2D}.Debug|Any CPU.ActiveCfg = Debug|x86
		{6BF96214-080B-4E4B-9380-3C216AC2EF2D}.Debug|x86.ActiveCfg = Debug|x86
		{6BF96214-080B-4E4B-9380-3C216AC2EF2D}.Debug|x86.Build.0 = Debug|x86
		{6BF96214-080B-4E4B-9380-3C216AC2EF2D}.Release|Any CPU.ActiveCfg = Release|x86
		{6BF96214-080B-4E4B-9380-3C216AC2EF2D}.Release|x86.ActiveCfg = Release|x86
		{6BF96214-080B-4E4B-9380-3C216AC2EF2D}.Release|x86.Build.0 = Release|x86
		{90509BBE-CE8A-416D-B294-D71E625661BF}.Debug|Any CPU.ActiveCfg = Debug|x86
		{90509BBE-CE8A-416D-B294-D71E625661BF}.Debug|x86.ActiveCfg = Debug|x86
		{90509BBE-CE8A-416D-B294-D71E625661BF}.Debug|x86.Build.0 = Debug|x86
		{90509BBE-CE8A-416D-B294-D71E625661BF}.Release|Any CPU.ActiveCfg = Release|x86
		{90509BBE-CE8A-416D-B294-D71E625661BF}.Release|x86.ActiveCfg = Release|x86
		{90509BBE-CE8A-416D-B294-D71E625661BF}.Release|x86.Build.0 = Release|x86
		{721649AA-036D-42F0-8816-BF4C07A9E5B5}.Debug|Any CPU.ActiveCfg = Debug|x86
		{721649AA-036D-42F0-8816-BF4C07A9E5B5}.Debug|x86.ActiveCfg = Debug|x86
		{721649AA-036D-42F0-8816-BF4C07A9E5B5}.Debug|x86.Build.0 = Debug|x86
		{721649AA-036D-42F0-8816-BF4C07A9E5B5}.Release|Any CPU.ActiveCfg = Release|x86
		{721649AA-036D-42F0-8816-BF4C07A9E5B5}.Release|x86.ActiveCfg = Release|x86
		{721649AA-036D-42F0-8816-BF4C07A9E5B5}.Release|x86.Build.0 = Release|x86
		{35FFDCE7-1C00-4E4C-8FC4-BD7A1BD229A6}.Debug|Any CPU.ActiveCfg = Debug|Any CPU
		{35FFDCE7-1C00-4E4C-8FC4-BD7A1BD229A6}.Debug|x86.ActiveCfg = Debug|Any CPU
		{35FFDCE7-1C00-4E4C-8FC4-BD7A1BD229A6}.Release|Any CPU.ActiveCfg = Debug|Any CPU
		{35FFDCE7-1C00-4E4C-8FC4-BD7A1BD229A6}.Release|x86.ActiveCfg = Debug|Any CPU
		{35269662-6235-4546-88CD-07D554A43E55}.Debug|Any CPU.ActiveCfg = Debug|Any CPU
		{35269662-6235-4546-88CD-07D554A43E55}.Debug|x86.ActiveCfg = Debug|Any CPU
		{35269662-6235-4546-88CD-07D554A43E55}.Release|Any CPU.ActiveCfg = Debug|Any CPU
		{35269662-6235-4546-88CD-07D554A43E55}.Release|x86.ActiveCfg = Debug|Any CPU
		{85804029-0EBB-4D62-8E8E-F3979A7596D2}.Debug|Any CPU.ActiveCfg = Debug|Any CPU
		{85804029-0EBB-4D62-8E8E-F3979A7596D2}.Debug|x86.ActiveCfg = Debug|Any CPU
		{85804029-0EBB-4D62-8E8E-F3979A7596D2}.Release|Any CPU.ActiveCfg = Debug|Any CPU
		{85804029-0EBB-4D62-8E8E-F3979A7596D2}.Release|x86.ActiveCfg = Debug|Any CPU
	EndGlobalSection
	GlobalSection(SolutionProperties) = preSolution
		HideSolutionNode = FALSE
	EndGlobalSection
EndGlobal
